
Microsoft Visual Studio Solution File, Format Version 12.00
# Visual Studio Version 16
VisualStudioVersion = 16.0.29424.173
MinimumVisualStudioVersion = 10.0.40219.1
Project("{9A19103F-16F7-4668-BE54-9A1E7A4F7556}") = "Personalizer-CMS-API", "Personalizer-CMS-API\Personalizer-CMS-API.csproj", "{643DD15C-40DE-4A9E-B3FB-F64E2624D53A}"
EndProject
Global
	GlobalSection(SolutionConfigurationPlatforms) = preSolution
		Debug|Any CPU = Debug|Any CPU
		Release|Any CPU = Release|Any CPU
	EndGlobalSection
	GlobalSection(ProjectConfigurationPlatforms) = postSolution
		{643DD15C-40DE-4A9E-B3FB-F64E2624D53A}.Debug|Any CPU.ActiveCfg = Debug|Any CPU
		{643DD15C-40DE-4A9E-B3FB-F64E2624D53A}.Debug|Any CPU.Build.0 = Debug|Any CPU
		{643DD15C-40DE-4A9E-B3FB-F64E2624D53A}.Release|Any CPU.ActiveCfg = Release|Any CPU
		{643DD15C-40DE-4A9E-B3FB-F64E2624D53A}.Release|Any CPU.Build.0 = Release|Any CPU
	EndGlobalSection
	GlobalSection(SolutionProperties) = preSolution
		HideSolutionNode = FALSE
	EndGlobalSection
	GlobalSection(ExtensibilityGlobals) = postSolution
		SolutionGuid = {57CC7712-1751-4163-A932-BA47F0DD180F}
	EndGlobalSection
EndGlobal
